# THIS IS AN AUTOGENERATED FILE. DO NOT EDIT THIS FILE DIRECTLY.
# yarn lockfile v1


"@hapi/address@^5.1.0":
  version "5.1.0"
  resolved "https://registry.yarnpkg.com/@hapi/address/-/address-5.1.0.tgz#5794b1fa1989b0ed42916af45478ee60a9c6a0ea"
  integrity sha512-b/OicomrGhG+aRgAhtxqOArHDH7kE2sY0IQ5MwIU6EkzUIOmsfi4YfYPZxGSauHLgVzcwk2rseCi7fjeMpQh+w==
  dependencies:
    "@hapi/hoek" "^11.0.2"

"@hapi/formula@^3.0.2":
  version "3.0.2"
  resolved "https://registry.yarnpkg.com/@hapi/formula/-/formula-3.0.2.tgz#81b538060ee079481c906f599906d163c4badeaf"
  integrity sha512-hY5YPNXzw1He7s0iqkRQi+uMGh383CGdyyIGYtB+W5N3KHPXoqychklvHhKCC9M3Xtv0OCs/IHw+r4dcHtBYWw==

"@hapi/hoek@^11.0.2":
  version "11.0.2"
  resolved "https://registry.yarnpkg.com/@hapi/hoek/-/hoek-11.0.2.tgz#cb3ea547daac7de5c9cf1d960c3f35c34f065427"
  integrity sha512-aKmlCO57XFZ26wso4rJsW4oTUnrgTFw2jh3io7CAtO9w4UltBNwRXvXIVzzyfkaaLRo3nluP/19msA8vDUUuKw==

"@hapi/pinpoint@^2.0.1":
  version "2.0.1"
  resolved "https://registry.yarnpkg.com/@hapi/pinpoint/-/pinpoint-2.0.1.tgz#32077e715655fc00ab8df74b6b416114287d6513"
  integrity sha512-EKQmr16tM8s16vTT3cA5L0kZZcTMU5DUOZTuvpnY738m+jyP3JIUj+Mm1xc1rsLkGBQ/gVnfKYPwOmPg1tUR4Q==

"@hapi/tlds@^1.0.1":
  version "1.0.1"
  resolved "https://registry.yarnpkg.com/@hapi/tlds/-/tlds-1.0.1.tgz#4bf9336918a3a254317eff246898f70600afb666"
  integrity sha512-OXs5OliWsLTmvzQKZtb3KhfEz30WuuaizwAn95GLfeK+JpGnBxR55lALv3kA4T1RRb3wlrNjnboBg6ur1Czvig==

"@hapi/topo@^6.0.1":
  version "6.0.1"
  resolved "https://registry.yarnpkg.com/@hapi/topo/-/topo-6.0.1.tgz#c0f9bbbc3f98bd60c5ed825bb70f3a92b3a6ea3f"
  integrity sha512-JioWUZL1Bm7r8bnCDx2AUggiPwpV7djFfDTWT1aZSyHjN++fVz7XPdW8YVCxvyv9bSWcbbOLV/h4U1zGdwrN3w==
  dependencies:
    "@hapi/hoek" "^11.0.2"

ansi-styles@^4.1.0:
  version "4.3.0"
  resolved "https://registry.yarnpkg.com/ansi-styles/-/ansi-styles-4.3.0.tgz#edd803628ae71c04c85ae7a0906edad34b648937"
  integrity sha512-zbB9rCJAT1rbjiVDb2hqKFHNYLxgtk8NURxZ3IZwD3F6NtxbXZQCnnSi1Lkx+IDohdPlFp222wVALIheZJQSEg==
  dependencies:
    color-convert "^2.0.1"

chalk@4.1.2:
  version "4.1.2"
  resolved "https://registry.yarnpkg.com/chalk/-/chalk-4.1.2.tgz#aac4e2b7734a740867aeb16bf02aad556a1e7a01"
  integrity sha512-oKnbhFyRIXpUuez8iBMmyEa4nbj4IOQyuhc/wy9kY7/WVPcwIO9VA668Pu8RkO7+0G76SLROeyw9CpQ061i4mA==
  dependencies:
    ansi-styles "^4.1.0"
    supports-color "^7.1.0"

color-convert@^2.0.1:
  version "2.0.1"
  resolved "https://registry.yarnpkg.com/color-convert/-/color-convert-2.0.1.tgz#72d3a68d598c9bdb3af2ad1e84f21d896abd4de3"
  integrity sha512-RRECPsj7iu/xb5oKYcsFHSppFNnsj/52OVTRKb4zP5onXwVF3zVmmToNcOfGC+CRDpfK/U584fMg38ZHCaElKQ==
  dependencies:
    color-name "~1.1.4"

color-name@~1.1.4:
  version "1.1.4"
  resolved "https://registry.yarnpkg.com/color-name/-/color-name-1.1.4.tgz#c2a09a87acbde69543de6f63fa3995c826c536a2"
  integrity sha512-dOy+3AuW3a2wNbZHIuMZpTcgjGuLU/uBL/ubcZF9OXbDo8ff4O8yVp5Bf0efS8uEoYo5q4Fx7dY9OgQGXgAsQA==

has-flag@^4.0.0:
  version "4.0.0"
  resolved "https://registry.yarnpkg.com/has-flag/-/has-flag-4.0.0.tgz#944771fd9c81c81265c4d6941860da06bb59479b"
  integrity sha512-EykJT/Q1KjTWctppgIAgfSO0tKVuZUjhgMr17kqTumMl6Afv3EISleU7qZUzoXDFTAHTDC4NOoG/ZxU3EvlMPQ==

joi@17.8.1:
  version "17.8.1"
  resolved "https://registry.yarnpkg.com/joi/-/joi-17.8.1.tgz#82f08b9b7b16e770537914155e78f3fe185b9d18"
  integrity sha512-Zoafe6E2kQ+hkkJQSBnOxA8beb2LF33keCxZP3vSy7qTHj9/2GAEQ9KLwfe+PR35WvspwNz0jWajDIHLnCKfpg==
  dependencies:
    "@hapi/address" "^5.1.0"
    "@hapi/formula" "^3.0.2"
    "@hapi/hoek" "^11.0.2"
    "@hapi/pinpoint" "^2.0.1"
    "@hapi/tlds" "^1.0.1"
    "@hapi/topo" "^6.0.1"

murmurhash3js@3.0.1:
  version "3.0.1"
  resolved "https://registry.yarnpkg.com/murmurhash3js/-/murmurhash3js-3.0.1.tgz#3e983e5b47c2a06f43a713174e7e435ca044b998"
  integrity sha1-Ppg+W0fCoG9DpxMXTn5DXKBEuZg=

supports-color@^7.1.0:
  version "7.2.0"
  resolved "https://registry.yarnpkg.com/supports-color/-/supports-color-7.2.0.tgz#1b7dcdcb32b8138801b3e478ba6a51caa89648da"
  integrity sha512-qpCAvRl9stuOHveKsn7HncJRvv501qIacKzQlO/+Lwxc9+0q2wLyv4Dfvt80/DPn2pqOBsJdDiogXGR9+OvwRw==
  dependencies:
    has-flag "^4.0.0"
